Microsoft Visual Studio Solution File, Format Version 12.00
# Visual Studio 2012
Project("{FAE04EC0-301F-11D3-BF4B-00C04F79EFBC}") = "Mochi64", "Mochi64.csproj", "{021F5D87-2B34-4B9A-8DBF-8F2CD7135C47}"
EndProject
Global
	GlobalSection(SolutionConfigurationPlatforms) = preSolution
	Debug|Any CPU = Debug|Any CPU
	ExportDebug|Any CPU = ExportDebug|Any CPU
	ExportRelease|Any CPU = ExportRelease|Any CPU
	EndGlobalSection
	GlobalSection(ProjectConfigurationPlatforms) = postSolution
		{021F5D87-2B34-4B9A-8DBF-8F2CD7135C47}.Debug|Any CPU.ActiveCfg = Debug|Any CPU
		{021F5D87-2B34-4B9A-8DBF-8F2CD7135C47}.Debug|Any CPU.Build.0 = Debug|Any CPU
		{021F5D87-2B34-4B9A-8DBF-8F2CD7135C47}.ExportDebug|Any CPU.ActiveCfg = ExportDebug|Any CPU
		{021F5D87-2B34-4B9A-8DBF-8F2CD7135C47}.ExportDebug|Any CPU.Build.0 = ExportDebug|Any CPU
		{021F5D87-2B34-4B9A-8DBF-8F2CD7135C47}.ExportRelease|Any CPU.ActiveCfg = ExportRelease|Any CPU
		{021F5D87-2B34-4B9A-8DBF-8F2CD7135C47}.ExportRelease|Any CPU.Build.0 = ExportRelease|Any CPU
	EndGlobalSection
EndGlobal
